
Microsoft Visual Studio Solution File, Format Version 12.00
# Visual Studio Version 17
VisualStudioVersion = 17.14.36616.10 d17.14
MinimumVisualStudioVersion = 10.0.40219.1
Project("{FAE04EC0-301F-11D3-BF4B-00C04F79EFBC}") = "Elevator", "Elevator.csproj", "{EF4963BB-52EA-4729-95F8-94582FD5E96A}"
EndProject
Global
	GlobalSection(SolutionConfigurationPlatforms) = preSolution
		Debug|Any CPU = Debug|Any CPU
		Release|Any CPU = Release|Any CPU
	EndGlobalSection
	GlobalSection(ProjectConfigurationPlatforms) = postSolution
		{EF4963BB-52EA-4729-95F8-94582FD5E96A}.Debug|Any CPU.ActiveCfg = Debug|Any CPU
		{EF4963BB-52EA-4729-95F8-94582FD5E96A}.Debug|Any CPU.Build.0 = Debug|Any CPU
		{EF4963BB-52EA-4729-95F8-94582FD5E96A}.Release|Any CPU.ActiveCfg = Release|Any CPU
		{EF4963BB-52EA-4729-95F8-94582FD5E96A}.Release|Any CPU.Build.0 = Release|Any CPU
	EndGlobalSection
	GlobalSection(SolutionProperties) = preSolution
		HideSolutionNode = FALSE
	EndGlobalSection
	GlobalSection(ExtensibilityGlobals) = postSolution
		SolutionGuid = {6EDF26C0-C938-4AB6-A5DC-0B6D4A339D3E}
	EndGlobalSection
EndGlobal
